
Microsoft Visual Studio Solution File, Format Version 12.00
# Visual Studio 2012
Project("{8BC9CEB8-8B4A-11D0-8D11-00A0C91BC942}") = "大作业版本1：命令行版本", "大作业版本1：命令行版本\大作业版本1：命令行版本.vcxproj", "{C091AD7D-BF74-4A1C-BA33-2586B33F0E84}"
EndProject
Global
	GlobalSection(SolutionConfigurationPlatforms) = preSolution
		Debug|Win32 = Debug|Win32
		Release|Win32 = Release|Win32
	EndGlobalSection
	GlobalSection(ProjectConfigurationPlatforms) = postSolution
		{C091AD7D-BF74-4A1C-BA33-2586B33F0E84}.Debug|Win32.ActiveCfg = Debug|Win32
		{C091AD7D-BF74-4A1C-BA33-2586B33F0E84}.Debug|Win32.Build.0 = Debug|Win32
		{C091AD7D-BF74-4A1C-BA33-2586B33F0E84}.Release|Win32.ActiveCfg = Release|Win32
		{C091AD7D-BF74-4A1C-BA33-2586B33F0E84}.Release|Win32.Build.0 = Release|Win32
	EndGlobalSection
	GlobalSection(SolutionProperties) = preSolution
		HideSolutionNode = FALSE
	EndGlobalSection
EndGlobal
